
Microsoft Visual Studio Solution File, Format Version 12.00
# Visual Studio 14
VisualStudioVersion = 14.0.25420.1
MinimumVisualStudioVersion = 10.0.40219.1
Project("{FAE04EC0-301F-11D3-BF4B-00C04F79EFBC}") = "StackNavigation.iOS", "StackNavigation.iOS\StackNavigation.iOS.csproj", "{4D7435B7-AE80-4273-BCD7-91E3C778F976}"
EndProject
Project("{FAE04EC0-301F-11D3-BF4B-00C04F79EFBC}") = "StackNavigation.Android", "StackNavigation.Android\StackNavigation.Android.csproj", "{FFFD546C-AADE-4C29-88C8-B95FEB569CAE}"
EndProject
Global
	GlobalSection(SolutionConfigurationPlatforms) = preSolution
		Ad-Hoc|Any CPU = Ad-Hoc|Any CPU
		Ad-Hoc|iPhone = Ad-Hoc|iPhone
		Ad-Hoc|iPhoneSimulator = Ad-Hoc|iPhoneSimulator
		AppStore|Any CPU = AppStore|Any CPU
		AppStore|iPhone = AppStore|iPhone
		AppStore|iPhoneSimulator = AppStore|iPhoneSimulator
		Debug|Any CPU = Debug|Any CPU
		Debug|iPhone = Debug|iPhone
		Debug|iPhoneSimulator = Debug|iPhoneSimulator
		Release|Any CPU = Release|Any CPU
		Release|iPhone = Release|iPhone
		Release|iPhoneSimulator = Release|iPhoneSimulator
	EndGlobalSection
	GlobalSection(ProjectConfigurationPlatforms) = postSolution
		{4D7435B7-AE80-4273-BCD7-91E3C778F976}.Ad-Hoc|Any CPU.ActiveCfg = Ad-Hoc|iPhoneSimulator
		{4D7435B7-AE80-4273-BCD7-91E3C778F976}.Ad-Hoc|iPhone.ActiveCfg = Ad-Hoc|iPhone
		{4D7435B7-AE80-4273-BCD7-91E3C778F976}.Ad-Hoc|iPhone.Build.0 = Ad-Hoc|iPhone
		{4D7435B7-AE80-4273-BCD7-91E3C778F976}.Ad-Hoc|iPhoneSimulator.ActiveCfg = Ad-Hoc|iPhoneSimulator
		{4D7435B7-AE80-4273-BCD7-91E3C778F976}.Ad-Hoc|iPhoneSimulator.Build.0 = Ad-Hoc|iPhoneSimulator
		{4D7435B7-AE80-4273-BCD7-91E3C778F976}.AppStore|Any CPU.ActiveCfg = AppStore|iPhoneSimulator
		{4D7435B7-AE80-4273-BCD7-91E3C778F976}.AppStore|iPhone.ActiveCfg = AppStore|iPhone
		{4D7435B7-AE80-4273-BCD7-91E3C778F976}.AppStore|iPhone.Build.0 = AppStore|iPhone
		{4D7435B7-AE80-4273-BCD7-91E3C778F976}.AppStore|iPhoneSimulator.ActiveCfg = AppStore|iPhoneSimulator
		{4D7435B7-AE80-4273-BCD7-91E3C778F976}.AppStore|iPhoneSimulator.Build.0 = AppStore|iPhoneSimulator
		{4D7435B7-AE80-4273-BCD7-91E3C778F976}.Debug|Any CPU.ActiveCfg = Debug|iPhoneSimulator
		{4D7435B7-AE80-4273-BCD7-91E3C778F976}.Debug|iPhone.ActiveCfg = Debug|iPhone
		{4D7435B7-AE80-4273-BCD7-91E3C778F976}.Debug|iPhone.Build.0 = Debug|iPhone
		{4D7435B7-AE80-4273-BCD7-91E3C778F976}.Debug|iPhoneSimulator.ActiveCfg = Debug|iPhoneSimulator
		{4D7435B7-AE80-4273-BCD7-91E3C778F976}.Debug|iPhoneSimulator.Build.0 = Debug|iPhoneSimulator
		{4D7435B7-AE80-4273-BCD7-91E3C778F976}.Release|Any CPU.ActiveCfg = Release|iPhoneSimulator
		{4D7435B7-AE80-4273-BCD7-91E3C778F976}.Release|iPhone.ActiveCfg = Release|iPhone
		{4D7435B7-AE80-4273-BCD7-91E3C778F976}.Release|iPhone.Build.0 = Release|iPhone
		{4D7435B7-AE80-4273-BCD7-91E3C778F976}.Release|iPhoneSimulator.ActiveCfg = Release|iPhoneSimulator
		{4D7435B7-AE80-4273-BCD7-91E3C778F976}.Release|iPhoneSimulator.Build.0 = Release|iPhoneSimulator
		{FFFD546C-AADE-4C29-88C8-B95FEB569CAE}.Ad-Hoc|Any CPU.ActiveCfg = Release|Any CPU
		{FFFD546C-AADE-4C29-88C8-B95FEB569CAE}.Ad-Hoc|Any CPU.Build.0 = Release|Any CPU
		{FFFD546C-AADE-4C29-88C8-B95FEB569CAE}.Ad-Hoc|Any CPU.Deploy.0 = Release|Any CPU
		{FFFD546C-AADE-4C29-88C8-B95FEB569CAE}.Ad-Hoc|iPhone.ActiveCfg = Release|Any CPU
		{FFFD546C-AADE-4C29-88C8-B95FEB569CAE}.Ad-Hoc|iPhone.Build.0 = Release|Any CPU
		{FFFD546C-AADE-4C29-88C8-B95FEB569CAE}.Ad-Hoc|iPhone.Deploy.0 = Release|Any CPU
		{FFFD546C-AADE-4C29-88C8-B95FEB569CAE}.Ad-Hoc|iPhoneSimulator.ActiveCfg = Release|Any CPU
		{FFFD546C-AADE-4C29-88C8-B95FEB569CAE}.Ad-Hoc|iPhoneSimulator.Build.0 = Release|Any CPU
		{FFFD546C-AADE-4C29-88C8-B95FEB569CAE}.Ad-Hoc|iPhoneSimulator.Deploy.0 = Release|Any CPU
		{FFFD546C-AADE-4C29-88C8-B95FEB569CAE}.AppStore|Any CPU.ActiveCfg = Release|Any CPU
		{FFFD546C-AADE-4C29-88C8-B95FEB569CAE}.AppStore|Any CPU.Build.0 = Release|Any CPU
		{FFFD546C-AADE-4C29-88C8-B95FEB569CAE}.AppStore|Any CPU.Deploy.0 = Release|Any CPU
		{FFFD546C-AADE-4C29-88C8-B95FEB569CAE}.AppStore|iPhone.ActiveCfg = Release|Any CPU
		{FFFD546C-AADE-4C29-88C8-B95FEB569CAE}.AppStore|iPhone.Build.0 = Release|Any CPU
		{FFFD546C-AADE-4C29-88C8-B95FEB569CAE}.AppStore|iPhone.Deploy.0 = Release|Any CPU
		{FFFD546C-AADE-4C29-88C8-B95FEB569CAE}.AppStore|iPhoneSimulator.ActiveCfg = Release|Any CPU
		{FFFD546C-AADE-4C29-88C8-B95FEB569CAE}.AppStore|iPhoneSimulator.Build.0 = Release|Any CPU
		{FFFD546C-AADE-4C29-88C8-B95FEB569CAE}.AppStore|iPhoneSimulator.Deploy.0 = Release|Any CPU
		{FFFD546C-AADE-4C29-88C8-B95FEB569CAE}.Debug|Any CPU.ActiveCfg = Debug|Any CPU
		{FFFD546C-AADE-4C29-88C8-B95FEB569CAE}.Debug|Any CPU.Build.0 = Debug|Any CPU
		{FFFD546C-AADE-4C29-88C8-B95FEB569CAE}.Debug|Any CPU.Deploy.0 = Debug|Any CPU
		{FFFD546C-AADE-4C29-88C8-B95FEB569CAE}.Debug|iPhone.ActiveCfg = Debug|Any CPU
		{FFFD546C-AADE-4C29-88C8-B95FEB569CAE}.Debug|iPhone.Build.0 = Debug|Any CPU
		{FFFD546C-AADE-4C29-88C8-B95FEB569CAE}.Debug|iPhone.Deploy.0 = Debug|Any CPU
		{FFFD546C-AADE-4C29-88C8-B95FEB569CAE}.Debug|iPhoneSimulator.ActiveCfg = Debug|Any CPU
		{FFFD546C-AADE-4C29-88C8-B95FEB569CAE}.Debug|iPhoneSimulator.Build.0 = Debug|Any CPU
		{FFFD546C-AADE-4C29-88C8-B95FEB569CAE}.Debug|iPhoneSimulator.Deploy.0 = Debug|Any CPU
		{FFFD546C-AADE-4C29-88C8-B95FEB569CAE}.Release|Any CPU.ActiveCfg = Release|Any CPU
		{FFFD546C-AADE-4C29-88C8-B95FEB569CAE}.Release|Any CPU.Build.0 = Release|Any CPU
		{FFFD546C-AADE-4C29-88C8-B95FEB569CAE}.Release|Any CPU.Deploy.0 = Release|Any CPU
		{FFFD546C-AADE-4C29-88C8-B95FEB569CAE}.Release|iPhone.ActiveCfg = Release|Any CPU
		{FFFD546C-AADE-4C29-88C8-B95FEB569CAE}.Release|iPhone.Build.0 = Release|Any CPU
		{FFFD546C-AADE-4C29-88C8-B95FEB569CAE}.Release|iPhone.Deploy.0 = Release|Any CPU
		{FFFD546C-AADE-4C29-88C8-B95FEB569CAE}.Release|iPhoneSimulator.ActiveCfg = Release|Any CPU
		{FFFD546C-AADE-4C29-88C8-B95FEB569CAE}.Release|iPhoneSimulator.Build.0 = Release|Any CPU
		{FFFD546C-AADE-4C29-88C8-B95FEB569CAE}.Release|iPhoneSimulator.Deploy.0 = Release|Any CPU
	EndGlobalSection
	GlobalSection(SolutionProperties) = preSolution
		HideSolutionNode = FALSE
	EndGlobalSection
EndGlobal
