
Microsoft Visual Studio Solution File, Format Version 12.00
# Visual Studio 2012
Project("{FAE04EC0-301F-11D3-BF4B-00C04F79EFBC}") = "RestDemo", "RestDemo\RestDemo.csproj", "{737E090C-C9EF-4C9D-949C-D43F4A56DC96}"
EndProject
Project("{FAE04EC0-301F-11D3-BF4B-00C04F79EFBC}") = "RestDemo.iOS", "iOS\RestDemo.iOS.csproj", "{2637D970-C820-46F7-A800-845BA69F589F}"
EndProject
Project("{FAE04EC0-301F-11D3-BF4B-00C04F79EFBC}") = "RestDemo.Droid", "Droid\RestDemo.Droid.csproj", "{F8DF3E47-D6CE-4B54-B5E1-0C677A20F65F}"
EndProject
Global
	GlobalSection(SolutionConfigurationPlatforms) = preSolution
		Debug|Any CPU = Debug|Any CPU
		Release|Any CPU = Release|Any CPU
		Debug|iPhoneSimulator = Debug|iPhoneSimulator
		Release|iPhone = Release|iPhone
		Release|iPhoneSimulator = Release|iPhoneSimulator
		Debug|iPhone = Debug|iPhone
	EndGlobalSection
	GlobalSection(ProjectConfigurationPlatforms) = postSolution
		{737E090C-C9EF-4C9D-949C-D43F4A56DC96}.Debug|Any CPU.ActiveCfg = Debug|Any CPU
		{737E090C-C9EF-4C9D-949C-D43F4A56DC96}.Debug|Any CPU.Build.0 = Debug|Any CPU
		{737E090C-C9EF-4C9D-949C-D43F4A56DC96}.Release|Any CPU.ActiveCfg = Release|Any CPU
		{737E090C-C9EF-4C9D-949C-D43F4A56DC96}.Release|Any CPU.Build.0 = Release|Any CPU
		{737E090C-C9EF-4C9D-949C-D43F4A56DC96}.Debug|iPhoneSimulator.ActiveCfg = Debug|Any CPU
		{737E090C-C9EF-4C9D-949C-D43F4A56DC96}.Debug|iPhoneSimulator.Build.0 = Debug|Any CPU
		{737E090C-C9EF-4C9D-949C-D43F4A56DC96}.Release|iPhone.ActiveCfg = Release|Any CPU
		{737E090C-C9EF-4C9D-949C-D43F4A56DC96}.Release|iPhone.Build.0 = Release|Any CPU
		{737E090C-C9EF-4C9D-949C-D43F4A56DC96}.Release|iPhoneSimulator.ActiveCfg = Release|Any CPU
		{737E090C-C9EF-4C9D-949C-D43F4A56DC96}.Release|iPhoneSimulator.Build.0 = Release|Any CPU
		{737E090C-C9EF-4C9D-949C-D43F4A56DC96}.Debug|iPhone.ActiveCfg = Debug|Any CPU
		{737E090C-C9EF-4C9D-949C-D43F4A56DC96}.Debug|iPhone.Build.0 = Debug|Any CPU
		{2637D970-C820-46F7-A800-845BA69F589F}.Debug|Any CPU.ActiveCfg = Debug|iPhoneSimulator
		{2637D970-C820-46F7-A800-845BA69F589F}.Debug|Any CPU.Build.0 = Debug|iPhoneSimulator
		{2637D970-C820-46F7-A800-845BA69F589F}.Release|Any CPU.ActiveCfg = Debug|iPhoneSimulator
		{2637D970-C820-46F7-A800-845BA69F589F}.Release|Any CPU.Build.0 = Debug|iPhoneSimulator
		{2637D970-C820-46F7-A800-845BA69F589F}.Debug|iPhoneSimulator.ActiveCfg = Debug|iPhoneSimulator
		{2637D970-C820-46F7-A800-845BA69F589F}.Debug|iPhoneSimulator.Build.0 = Debug|iPhoneSimulator
		{2637D970-C820-46F7-A800-845BA69F589F}.Release|iPhone.ActiveCfg = Release|iPhone
		{2637D970-C820-46F7-A800-845BA69F589F}.Release|iPhone.Build.0 = Release|iPhone
		{2637D970-C820-46F7-A800-845BA69F589F}.Release|iPhoneSimulator.ActiveCfg = Release|iPhoneSimulator
		{2637D970-C820-46F7-A800-845BA69F589F}.Release|iPhoneSimulator.Build.0 = Release|iPhoneSimulator
		{2637D970-C820-46F7-A800-845BA69F589F}.Debug|iPhone.ActiveCfg = Debug|iPhone
		{2637D970-C820-46F7-A800-845BA69F589F}.Debug|iPhone.Build.0 = Debug|iPhone
		{F8DF3E47-D6CE-4B54-B5E1-0C677A20F65F}.Debug|Any CPU.ActiveCfg = Debug|Any CPU
		{F8DF3E47-D6CE-4B54-B5E1-0C677A20F65F}.Debug|Any CPU.Build.0 = Debug|Any CPU
		{F8DF3E47-D6CE-4B54-B5E1-0C677A20F65F}.Release|Any CPU.ActiveCfg = Release|Any CPU
		{F8DF3E47-D6CE-4B54-B5E1-0C677A20F65F}.Release|Any CPU.Build.0 = Release|Any CPU
		{F8DF3E47-D6CE-4B54-B5E1-0C677A20F65F}.Debug|iPhoneSimulator.ActiveCfg = Debug|Any CPU
		{F8DF3E47-D6CE-4B54-B5E1-0C677A20F65F}.Debug|iPhoneSimulator.Build.0 = Debug|Any CPU
		{F8DF3E47-D6CE-4B54-B5E1-0C677A20F65F}.Release|iPhone.ActiveCfg = Release|Any CPU
		{F8DF3E47-D6CE-4B54-B5E1-0C677A20F65F}.Release|iPhone.Build.0 = Release|Any CPU
		{F8DF3E47-D6CE-4B54-B5E1-0C677A20F65F}.Release|iPhoneSimulator.ActiveCfg = Release|Any CPU
		{F8DF3E47-D6CE-4B54-B5E1-0C677A20F65F}.Release|iPhoneSimulator.Build.0 = Release|Any CPU
		{F8DF3E47-D6CE-4B54-B5E1-0C677A20F65F}.Debug|iPhone.ActiveCfg = Debug|Any CPU
		{F8DF3E47-D6CE-4B54-B5E1-0C677A20F65F}.Debug|iPhone.Build.0 = Debug|Any CPU
	EndGlobalSection
EndGlobal
