
Microsoft Visual Studio Solution File, Format Version 12.00
# Visual Studio 14
VisualStudioVersion = 14.0.25420.1
MinimumVisualStudioVersion = 10.0.40219.1
Project("{FAE04EC0-301F-11D3-BF4B-00C04F79EFBC}") = "Test", "Test\Test\Test.csproj", "{B4CFC9E2-7F9C-4797-B247-3DE76BA2506D}"
EndProject
Project("{FAE04EC0-301F-11D3-BF4B-00C04F79EFBC}") = "Test.Droid", "Test\Test.Droid\Test.Droid.csproj", "{7FF82327-9F16-4EF9-A964-6E0E19025551}"
EndProject
Project("{FAE04EC0-301F-11D3-BF4B-00C04F79EFBC}") = "Test.iOS", "Test\Test.iOS\Test.iOS.csproj", "{C5277EDA-AC09-4127-BE91-03D78ABD7CFD}"
EndProject
Project("{FAE04EC0-301F-11D3-BF4B-00C04F79EFBC}") = "Test.WinPhone", "Test\Test.WinPhone\Test.WinPhone.csproj", "{929567F2-0743-4F06-991C-42A499DA2ABA}"
EndProject
Project("{FAE04EC0-301F-11D3-BF4B-00C04F79EFBC}") = "Test.Windows", "Test\Test.Windows\Test.Windows.csproj", "{768171AD-DDCE-4037-9E3C-83315FA1BE6C}"
EndProject
Global
	GlobalSection(SolutionConfigurationPlatforms) = preSolution
		Ad-Hoc|Any CPU = Ad-Hoc|Any CPU
		Ad-Hoc|ARM = Ad-Hoc|ARM
		Ad-Hoc|iPhone = Ad-Hoc|iPhone
		Ad-Hoc|iPhoneSimulator = Ad-Hoc|iPhoneSimulator
		Ad-Hoc|x64 = Ad-Hoc|x64
		Ad-Hoc|x86 = Ad-Hoc|x86
		AppStore|Any CPU = AppStore|Any CPU
		AppStore|ARM = AppStore|ARM
		AppStore|iPhone = AppStore|iPhone
		AppStore|iPhoneSimulator = AppStore|iPhoneSimulator
		AppStore|x64 = AppStore|x64
		AppStore|x86 = AppStore|x86
		Debug|Any CPU = Debug|Any CPU
		Debug|ARM = Debug|ARM
		Debug|iPhone = Debug|iPhone
		Debug|iPhoneSimulator = Debug|iPhoneSimulator
		Debug|x64 = Debug|x64
		Debug|x86 = Debug|x86
		Release|Any CPU = Release|Any CPU
		Release|ARM = Release|ARM
		Release|iPhone = Release|iPhone
		Release|iPhoneSimulator = Release|iPhoneSimulator
		Release|x64 = Release|x64
		Release|x86 = Release|x86
	EndGlobalSection
	GlobalSection(ProjectConfigurationPlatforms) = postSolution
		{B4CFC9E2-7F9C-4797-B247-3DE76BA2506D}.Ad-Hoc|Any CPU.ActiveCfg = Release|Any CPU
		{B4CFC9E2-7F9C-4797-B247-3DE76BA2506D}.Ad-Hoc|Any CPU.Build.0 = Release|Any CPU
		{B4CFC9E2-7F9C-4797-B247-3DE76BA2506D}.Ad-Hoc|ARM.ActiveCfg = Release|Any CPU
		{B4CFC9E2-7F9C-4797-B247-3DE76BA2506D}.Ad-Hoc|ARM.Build.0 = Release|Any CPU
		{B4CFC9E2-7F9C-4797-B247-3DE76BA2506D}.Ad-Hoc|iPhone.ActiveCfg = Release|Any CPU
		{B4CFC9E2-7F9C-4797-B247-3DE76BA2506D}.Ad-Hoc|iPhone.Build.0 = Release|Any CPU
		{B4CFC9E2-7F9C-4797-B247-3DE76BA2506D}.Ad-Hoc|iPhoneSimulator.ActiveCfg = Release|Any CPU
		{B4CFC9E2-7F9C-4797-B247-3DE76BA2506D}.Ad-Hoc|iPhoneSimulator.Build.0 = Release|Any CPU
		{B4CFC9E2-7F9C-4797-B247-3DE76BA2506D}.Ad-Hoc|x64.ActiveCfg = Release|Any CPU
		{B4CFC9E2-7F9C-4797-B247-3DE76BA2506D}.Ad-Hoc|x64.Build.0 = Release|Any CPU
		{B4CFC9E2-7F9C-4797-B247-3DE76BA2506D}.Ad-Hoc|x86.ActiveCfg = Release|Any CPU
		{B4CFC9E2-7F9C-4797-B247-3DE76BA2506D}.Ad-Hoc|x86.Build.0 = Release|Any CPU
		{B4CFC9E2-7F9C-4797-B247-3DE76BA2506D}.AppStore|Any CPU.ActiveCfg = Release|Any CPU
		{B4CFC9E2-7F9C-4797-B247-3DE76BA2506D}.AppStore|Any CPU.Build.0 = Release|Any CPU
		{B4CFC9E2-7F9C-4797-B247-3DE76BA2506D}.AppStore|ARM.ActiveCfg = Release|Any CPU
		{B4CFC9E2-7F9C-4797-B247-3DE76BA2506D}.AppStore|ARM.Build.0 = Release|Any CPU
		{B4CFC9E2-7F9C-4797-B247-3DE76BA2506D}.AppStore|iPhone.ActiveCfg = Release|Any CPU
		{B4CFC9E2-7F9C-4797-B247-3DE76BA2506D}.AppStore|iPhone.Build.0 = Release|Any CPU
		{B4CFC9E2-7F9C-4797-B247-3DE76BA2506D}.AppStore|iPhoneSimulator.ActiveCfg = Release|Any CPU
		{B4CFC9E2-7F9C-4797-B247-3DE76BA2506D}.AppStore|iPhoneSimulator.Build.0 = Release|Any CPU
		{B4CFC9E2-7F9C-4797-B247-3DE76BA2506D}.AppStore|x64.ActiveCfg = Release|Any CPU
		{B4CFC9E2-7F9C-4797-B247-3DE76BA2506D}.AppStore|x64.Build.0 = Release|Any CPU
		{B4CFC9E2-7F9C-4797-B247-3DE76BA2506D}.AppStore|x86.ActiveCfg = Release|Any CPU
		{B4CFC9E2-7F9C-4797-B247-3DE76BA2506D}.AppStore|x86.Build.0 = Release|Any CPU
		{B4CFC9E2-7F9C-4797-B247-3DE76BA2506D}.Debug|Any CPU.ActiveCfg = Debug|Any CPU
		{B4CFC9E2-7F9C-4797-B247-3DE76BA2506D}.Debug|Any CPU.Build.0 = Debug|Any CPU
		{B4CFC9E2-7F9C-4797-B247-3DE76BA2506D}.Debug|ARM.ActiveCfg = Debug|Any CPU
		{B4CFC9E2-7F9C-4797-B247-3DE76BA2506D}.Debug|ARM.Build.0 = Debug|Any CPU
		{B4CFC9E2-7F9C-4797-B247-3DE76BA2506D}.Debug|iPhone.ActiveCfg = Debug|Any CPU
		{B4CFC9E2-7F9C-4797-B247-3DE76BA2506D}.Debug|iPhone.Build.0 = Debug|Any CPU
		{B4CFC9E2-7F9C-4797-B247-3DE76BA2506D}.Debug|iPhoneSimulator.ActiveCfg = Debug|Any CPU
		{B4CFC9E2-7F9C-4797-B247-3DE76BA2506D}.Debug|iPhoneSimulator.Build.0 = Debug|Any CPU
		{B4CFC9E2-7F9C-4797-B247-3DE76BA2506D}.Debug|x64.ActiveCfg = Debug|Any CPU
		{B4CFC9E2-7F9C-4797-B247-3DE76BA2506D}.Debug|x64.Build.0 = Debug|Any CPU
		{B4CFC9E2-7F9C-4797-B247-3DE76BA2506D}.Debug|x86.ActiveCfg = Debug|Any CPU
		{B4CFC9E2-7F9C-4797-B247-3DE76BA2506D}.Debug|x86.Build.0 = Debug|Any CPU
		{B4CFC9E2-7F9C-4797-B247-3DE76BA2506D}.Release|Any CPU.ActiveCfg = Release|Any CPU
		{B4CFC9E2-7F9C-4797-B247-3DE76BA2506D}.Release|Any CPU.Build.0 = Release|Any CPU
		{B4CFC9E2-7F9C-4797-B247-3DE76BA2506D}.Release|ARM.ActiveCfg = Release|Any CPU
		{B4CFC9E2-7F9C-4797-B247-3DE76BA2506D}.Release|ARM.Build.0 = Release|Any CPU
		{B4CFC9E2-7F9C-4797-B247-3DE76BA2506D}.Release|iPhone.ActiveCfg = Release|Any CPU
		{B4CFC9E2-7F9C-4797-B247-3DE76BA2506D}.Release|iPhone.Build.0 = Release|Any CPU
		{B4CFC9E2-7F9C-4797-B247-3DE76BA2506D}.Release|iPhoneSimulator.ActiveCfg = Release|Any CPU
		{B4CFC9E2-7F9C-4797-B247-3DE76BA2506D}.Release|iPhoneSimulator.Build.0 = Release|Any CPU
		{B4CFC9E2-7F9C-4797-B247-3DE76BA2506D}.Release|x64.ActiveCfg = Release|Any CPU
		{B4CFC9E2-7F9C-4797-B247-3DE76BA2506D}.Release|x64.Build.0 = Release|Any CPU
		{B4CFC9E2-7F9C-4797-B247-3DE76BA2506D}.Release|x86.ActiveCfg = Release|Any CPU
		{B4CFC9E2-7F9C-4797-B247-3DE76BA2506D}.Release|x86.Build.0 = Release|Any CPU
		{7FF82327-9F16-4EF9-A964-6E0E19025551}.Ad-Hoc|Any CPU.ActiveCfg = Release|Any CPU
		{7FF82327-9F16-4EF9-A964-6E0E19025551}.Ad-Hoc|Any CPU.Build.0 = Release|Any CPU
		{7FF82327-9F16-4EF9-A964-6E0E19025551}.Ad-Hoc|Any CPU.Deploy.0 = Release|Any CPU
		{7FF82327-9F16-4EF9-A964-6E0E19025551}.Ad-Hoc|ARM.ActiveCfg = Release|Any CPU
		{7FF82327-9F16-4EF9-A964-6E0E19025551}.Ad-Hoc|ARM.Build.0 = Release|Any CPU
		{7FF82327-9F16-4EF9-A964-6E0E19025551}.Ad-Hoc|ARM.Deploy.0 = Release|Any CPU
		{7FF82327-9F16-4EF9-A964-6E0E19025551}.Ad-Hoc|iPhone.ActiveCfg = Release|Any CPU
		{7FF82327-9F16-4EF9-A964-6E0E19025551}.Ad-Hoc|iPhone.Build.0 = Release|Any CPU
		{7FF82327-9F16-4EF9-A964-6E0E19025551}.Ad-Hoc|iPhone.Deploy.0 = Release|Any CPU
		{7FF82327-9F16-4EF9-A964-6E0E19025551}.Ad-Hoc|iPhoneSimulator.ActiveCfg = Release|Any CPU
		{7FF82327-9F16-4EF9-A964-6E0E19025551}.Ad-Hoc|iPhoneSimulator.Build.0 = Release|Any CPU
		{7FF82327-9F16-4EF9-A964-6E0E19025551}.Ad-Hoc|iPhoneSimulator.Deploy.0 = Release|Any CPU
		{7FF82327-9F16-4EF9-A964-6E0E19025551}.Ad-Hoc|x64.ActiveCfg = Release|Any CPU
		{7FF82327-9F16-4EF9-A964-6E0E19025551}.Ad-Hoc|x64.Build.0 = Release|Any CPU
		{7FF82327-9F16-4EF9-A964-6E0E19025551}.Ad-Hoc|x64.Deploy.0 = Release|Any CPU
		{7FF82327-9F16-4EF9-A964-6E0E19025551}.Ad-Hoc|x86.ActiveCfg = Release|Any CPU
		{7FF82327-9F16-4EF9-A964-6E0E19025551}.Ad-Hoc|x86.Build.0 = Release|Any CPU
		{7FF82327-9F16-4EF9-A964-6E0E19025551}.Ad-Hoc|x86.Deploy.0 = Release|Any CPU
		{7FF82327-9F16-4EF9-A964-6E0E19025551}.AppStore|Any CPU.ActiveCfg = Release|Any CPU
		{7FF82327-9F16-4EF9-A964-6E0E19025551}.AppStore|Any CPU.Build.0 = Release|Any CPU
		{7FF82327-9F16-4EF9-A964-6E0E19025551}.AppStore|Any CPU.Deploy.0 = Release|Any CPU
		{7FF82327-9F16-4EF9-A964-6E0E19025551}.AppStore|ARM.ActiveCfg = Release|Any CPU
		{7FF82327-9F16-4EF9-A964-6E0E19025551}.AppStore|ARM.Build.0 = Release|Any CPU
		{7FF82327-9F16-4EF9-A964-6E0E19025551}.AppStore|ARM.Deploy.0 = Release|Any CPU
		{7FF82327-9F16-4EF9-A964-6E0E19025551}.AppStore|iPhone.ActiveCfg = Release|Any CPU
		{7FF82327-9F16-4EF9-A964-6E0E19025551}.AppStore|iPhone.Build.0 = Release|Any CPU
		{7FF82327-9F16-4EF9-A964-6E0E19025551}.AppStore|iPhone.Deploy.0 = Release|Any CPU
		{7FF82327-9F16-4EF9-A964-6E0E19025551}.AppStore|iPhoneSimulator.ActiveCfg = Release|Any CPU
		{7FF82327-9F16-4EF9-A964-6E0E19025551}.AppStore|iPhoneSimulator.Build.0 = Release|Any CPU
		{7FF82327-9F16-4EF9-A964-6E0E19025551}.AppStore|iPhoneSimulator.Deploy.0 = Release|Any CPU
		{7FF82327-9F16-4EF9-A964-6E0E19025551}.AppStore|x64.ActiveCfg = Release|Any CPU
		{7FF82327-9F16-4EF9-A964-6E0E19025551}.AppStore|x64.Build.0 = Release|Any CPU
		{7FF82327-9F16-4EF9-A964-6E0E19025551}.AppStore|x64.Deploy.0 = Release|Any CPU
		{7FF82327-9F16-4EF9-A964-6E0E19025551}.AppStore|x86.ActiveCfg = Release|Any CPU
		{7FF82327-9F16-4EF9-A964-6E0E19025551}.AppStore|x86.Build.0 = Release|Any CPU
		{7FF82327-9F16-4EF9-A964-6E0E19025551}.AppStore|x86.Deploy.0 = Release|Any CPU
		{7FF82327-9F16-4EF9-A964-6E0E19025551}.Debug|Any CPU.ActiveCfg = Debug|Any CPU
		{7FF82327-9F16-4EF9-A964-6E0E19025551}.Debug|Any CPU.Build.0 = Debug|Any CPU
		{7FF82327-9F16-4EF9-A964-6E0E19025551}.Debug|Any CPU.Deploy.0 = Debug|Any CPU
		{7FF82327-9F16-4EF9-A964-6E0E19025551}.Debug|ARM.ActiveCfg = Debug|Any CPU
		{7FF82327-9F16-4EF9-A964-6E0E19025551}.Debug|ARM.Build.0 = Debug|Any CPU
		{7FF82327-9F16-4EF9-A964-6E0E19025551}.Debug|ARM.Deploy.0 = Debug|Any CPU
		{7FF82327-9F16-4EF9-A964-6E0E19025551}.Debug|iPhone.ActiveCfg = Debug|Any CPU
		{7FF82327-9F16-4EF9-A964-6E0E19025551}.Debug|iPhone.Build.0 = Debug|Any CPU
		{7FF82327-9F16-4EF9-A964-6E0E19025551}.Debug|iPhone.Deploy.0 = Debug|Any CPU
		{7FF82327-9F16-4EF9-A964-6E0E19025551}.Debug|iPhoneSimulator.ActiveCfg = Debug|Any CPU
		{7FF82327-9F16-4EF9-A964-6E0E19025551}.Debug|iPhoneSimulator.Build.0 = Debug|Any CPU
		{7FF82327-9F16-4EF9-A964-6E0E19025551}.Debug|iPhoneSimulator.Deploy.0 = Debug|Any CPU
		{7FF82327-9F16-4EF9-A964-6E0E19025551}.Debug|x64.ActiveCfg = Debug|Any CPU
		{7FF82327-9F16-4EF9-A964-6E0E19025551}.Debug|x64.Build.0 = Debug|Any CPU
		{7FF82327-9F16-4EF9-A964-6E0E19025551}.Debug|x64.Deploy.0 = Debug|Any CPU
		{7FF82327-9F16-4EF9-A964-6E0E19025551}.Debug|x86.ActiveCfg = Debug|Any CPU
		{7FF82327-9F16-4EF9-A964-6E0E19025551}.Debug|x86.Build.0 = Debug|Any CPU
		{7FF82327-9F16-4EF9-A964-6E0E19025551}.Debug|x86.Deploy.0 = Debug|Any CPU
		{7FF82327-9F16-4EF9-A964-6E0E19025551}.Release|Any CPU.ActiveCfg = Release|Any CPU
		{7FF82327-9F16-4EF9-A964-6E0E19025551}.Release|Any CPU.Build.0 = Release|Any CPU
		{7FF82327-9F16-4EF9-A964-6E0E19025551}.Release|Any CPU.Deploy.0 = Release|Any CPU
		{7FF82327-9F16-4EF9-A964-6E0E19025551}.Release|ARM.ActiveCfg = Release|Any CPU
		{7FF82327-9F16-4EF9-A964-6E0E19025551}.Release|ARM.Build.0 = Release|Any CPU
		{7FF82327-9F16-4EF9-A964-6E0E19025551}.Release|ARM.Deploy.0 = Release|Any CPU
		{7FF82327-9F16-4EF9-A964-6E0E19025551}.Release|iPhone.ActiveCfg = Release|Any CPU
		{7FF82327-9F16-4EF9-A964-6E0E19025551}.Release|iPhone.Build.0 = Release|Any CPU
		{7FF82327-9F16-4EF9-A964-6E0E19025551}.Release|iPhone.Deploy.0 = Release|Any CPU
		{7FF82327-9F16-4EF9-A964-6E0E19025551}.Release|iPhoneSimulator.ActiveCfg = Release|Any CPU
		{7FF82327-9F16-4EF9-A964-6E0E19025551}.Release|iPhoneSimulator.Build.0 = Release|Any CPU
		{7FF82327-9F16-4EF9-A964-6E0E19025551}.Release|iPhoneSimulator.Deploy.0 = Release|Any CPU
		{7FF82327-9F16-4EF9-A964-6E0E19025551}.Release|x64.ActiveCfg = Release|Any CPU
		{7FF82327-9F16-4EF9-A964-6E0E19025551}.Release|x64.Build.0 = Release|Any CPU
		{7FF82327-9F16-4EF9-A964-6E0E19025551}.Release|x64.Deploy.0 = Release|Any CPU
		{7FF82327-9F16-4EF9-A964-6E0E19025551}.Release|x86.ActiveCfg = Release|Any CPU
		{7FF82327-9F16-4EF9-A964-6E0E19025551}.Release|x86.Build.0 = Release|Any CPU
		{7FF82327-9F16-4EF9-A964-6E0E19025551}.Release|x86.Deploy.0 = Release|Any CPU
		{C5277EDA-AC09-4127-BE91-03D78ABD7CFD}.Ad-Hoc|Any CPU.ActiveCfg = Ad-Hoc|iPhone
		{C5277EDA-AC09-4127-BE91-03D78ABD7CFD}.Ad-Hoc|ARM.ActiveCfg = Ad-Hoc|iPhone
		{C5277EDA-AC09-4127-BE91-03D78ABD7CFD}.Ad-Hoc|iPhone.ActiveCfg = Ad-Hoc|iPhone
		{C5277EDA-AC09-4127-BE91-03D78ABD7CFD}.Ad-Hoc|iPhone.Build.0 = Ad-Hoc|iPhone
		{C5277EDA-AC09-4127-BE91-03D78ABD7CFD}.Ad-Hoc|iPhoneSimulator.ActiveCfg = Ad-Hoc|iPhoneSimulator
		{C5277EDA-AC09-4127-BE91-03D78ABD7CFD}.Ad-Hoc|iPhoneSimulator.Build.0 = Ad-Hoc|iPhoneSimulator
		{C5277EDA-AC09-4127-BE91-03D78ABD7CFD}.Ad-Hoc|x64.ActiveCfg = Ad-Hoc|iPhone
		{C5277EDA-AC09-4127-BE91-03D78ABD7CFD}.Ad-Hoc|x86.ActiveCfg = Ad-Hoc|iPhone
		{C5277EDA-AC09-4127-BE91-03D78ABD7CFD}.AppStore|Any CPU.ActiveCfg = AppStore|iPhone
		{C5277EDA-AC09-4127-BE91-03D78ABD7CFD}.AppStore|ARM.ActiveCfg = AppStore|iPhone
		{C5277EDA-AC09-4127-BE91-03D78ABD7CFD}.AppStore|iPhone.ActiveCfg = AppStore|iPhone
		{C5277EDA-AC09-4127-BE91-03D78ABD7CFD}.AppStore|iPhone.Build.0 = AppStore|iPhone
		{C5277EDA-AC09-4127-BE91-03D78ABD7CFD}.AppStore|iPhoneSimulator.ActiveCfg = AppStore|iPhoneSimulator
		{C5277EDA-AC09-4127-BE91-03D78ABD7CFD}.AppStore|iPhoneSimulator.Build.0 = AppStore|iPhoneSimulator
		{C5277EDA-AC09-4127-BE91-03D78ABD7CFD}.AppStore|x64.ActiveCfg = AppStore|iPhone
		{C5277EDA-AC09-4127-BE91-03D78ABD7CFD}.AppStore|x86.ActiveCfg = AppStore|iPhone
		{C5277EDA-AC09-4127-BE91-03D78ABD7CFD}.Debug|Any CPU.ActiveCfg = Debug|iPhone
		{C5277EDA-AC09-4127-BE91-03D78ABD7CFD}.Debug|ARM.ActiveCfg = Debug|iPhone
		{C5277EDA-AC09-4127-BE91-03D78ABD7CFD}.Debug|iPhone.ActiveCfg = Debug|iPhone
		{C5277EDA-AC09-4127-BE91-03D78ABD7CFD}.Debug|iPhone.Build.0 = Debug|iPhone
		{C5277EDA-AC09-4127-BE91-03D78ABD7CFD}.Debug|iPhoneSimulator.ActiveCfg = Debug|iPhoneSimulator
		{C5277EDA-AC09-4127-BE91-03D78ABD7CFD}.Debug|iPhoneSimulator.Build.0 = Debug|iPhoneSimulator
		{C5277EDA-AC09-4127-BE91-03D78ABD7CFD}.Debug|x64.ActiveCfg = Debug|iPhone
		{C5277EDA-AC09-4127-BE91-03D78ABD7CFD}.Debug|x86.ActiveCfg = Debug|iPhone
		{C5277EDA-AC09-4127-BE91-03D78ABD7CFD}.Release|Any CPU.ActiveCfg = Release|iPhone
		{C5277EDA-AC09-4127-BE91-03D78ABD7CFD}.Release|ARM.ActiveCfg = Release|iPhone
		{C5277EDA-AC09-4127-BE91-03D78ABD7CFD}.Release|iPhone.ActiveCfg = Release|iPhone
		{C5277EDA-AC09-4127-BE91-03D78ABD7CFD}.Release|iPhone.Build.0 = Release|iPhone
		{C5277EDA-AC09-4127-BE91-03D78ABD7CFD}.Release|iPhoneSimulator.ActiveCfg = Release|iPhoneSimulator
		{C5277EDA-AC09-4127-BE91-03D78ABD7CFD}.Release|iPhoneSimulator.Build.0 = Release|iPhoneSimulator
		{C5277EDA-AC09-4127-BE91-03D78ABD7CFD}.Release|x64.ActiveCfg = Release|iPhone
		{C5277EDA-AC09-4127-BE91-03D78ABD7CFD}.Release|x86.ActiveCfg = Release|iPhone
		{929567F2-0743-4F06-991C-42A499DA2ABA}.Ad-Hoc|Any CPU.ActiveCfg = Release|Any CPU
		{929567F2-0743-4F06-991C-42A499DA2ABA}.Ad-Hoc|Any CPU.Build.0 = Release|Any CPU
		{929567F2-0743-4F06-991C-42A499DA2ABA}.Ad-Hoc|Any CPU.Deploy.0 = Release|Any CPU
		{929567F2-0743-4F06-991C-42A499DA2ABA}.Ad-Hoc|ARM.ActiveCfg = Release|ARM
		{929567F2-0743-4F06-991C-42A499DA2ABA}.Ad-Hoc|ARM.Build.0 = Release|ARM
		{929567F2-0743-4F06-991C-42A499DA2ABA}.Ad-Hoc|ARM.Deploy.0 = Release|ARM
		{929567F2-0743-4F06-991C-42A499DA2ABA}.Ad-Hoc|iPhone.ActiveCfg = Release|Any CPU
		{929567F2-0743-4F06-991C-42A499DA2ABA}.Ad-Hoc|iPhone.Build.0 = Release|Any CPU
		{929567F2-0743-4F06-991C-42A499DA2ABA}.Ad-Hoc|iPhone.Deploy.0 = Release|Any CPU
		{929567F2-0743-4F06-991C-42A499DA2ABA}.Ad-Hoc|iPhoneSimulator.ActiveCfg = Release|Any CPU
		{929567F2-0743-4F06-991C-42A499DA2ABA}.Ad-Hoc|iPhoneSimulator.Build.0 = Release|Any CPU
		{929567F2-0743-4F06-991C-42A499DA2ABA}.Ad-Hoc|iPhoneSimulator.Deploy.0 = Release|Any CPU
		{929567F2-0743-4F06-991C-42A499DA2ABA}.Ad-Hoc|x64.ActiveCfg = Release|Any CPU
		{929567F2-0743-4F06-991C-42A499DA2ABA}.Ad-Hoc|x64.Build.0 = Release|Any CPU
		{929567F2-0743-4F06-991C-42A499DA2ABA}.Ad-Hoc|x64.Deploy.0 = Release|Any CPU
		{929567F2-0743-4F06-991C-42A499DA2ABA}.Ad-Hoc|x86.ActiveCfg = Release|x86
		{929567F2-0743-4F06-991C-42A499DA2ABA}.Ad-Hoc|x86.Build.0 = Release|x86
		{929567F2-0743-4F06-991C-42A499DA2ABA}.Ad-Hoc|x86.Deploy.0 = Release|x86
		{929567F2-0743-4F06-991C-42A499DA2ABA}.AppStore|Any CPU.ActiveCfg = Release|Any CPU
		{929567F2-0743-4F06-991C-42A499DA2ABA}.AppStore|Any CPU.Build.0 = Release|Any CPU
		{929567F2-0743-4F06-991C-42A499DA2ABA}.AppStore|Any CPU.Deploy.0 = Release|Any CPU
		{929567F2-0743-4F06-991C-42A499DA2ABA}.AppStore|ARM.ActiveCfg = Release|ARM
		{929567F2-0743-4F06-991C-42A499DA2ABA}.AppStore|ARM.Build.0 = Release|ARM
		{929567F2-0743-4F06-991C-42A499DA2ABA}.AppStore|ARM.Deploy.0 = Release|ARM
		{929567F2-0743-4F06-991C-42A499DA2ABA}.AppStore|iPhone.ActiveCfg = Release|Any CPU
		{929567F2-0743-4F06-991C-42A499DA2ABA}.AppStore|iPhone.Build.0 = Release|Any CPU
		{929567F2-0743-4F06-991C-42A499DA2ABA}.AppStore|iPhone.Deploy.0 = Release|Any CPU
		{929567F2-0743-4F06-991C-42A499DA2ABA}.AppStore|iPhoneSimulator.ActiveCfg = Release|Any CPU
		{929567F2-0743-4F06-991C-42A499DA2ABA}.AppStore|iPhoneSimulator.Build.0 = Release|Any CPU
		{929567F2-0743-4F06-991C-42A499DA2ABA}.AppStore|iPhoneSimulator.Deploy.0 = Release|Any CPU
		{929567F2-0743-4F06-991C-42A499DA2ABA}.AppStore|x64.ActiveCfg = Release|Any CPU
		{929567F2-0743-4F06-991C-42A499DA2ABA}.AppStore|x64.Build.0 = Release|Any CPU
		{929567F2-0743-4F06-991C-42A499DA2ABA}.AppStore|x64.Deploy.0 = Release|Any CPU
		{929567F2-0743-4F06-991C-42A499DA2ABA}.AppStore|x86.ActiveCfg = Release|x86
		{929567F2-0743-4F06-991C-42A499DA2ABA}.AppStore|x86.Build.0 = Release|x86
		{929567F2-0743-4F06-991C-42A499DA2ABA}.AppStore|x86.Deploy.0 = Release|x86
		{929567F2-0743-4F06-991C-42A499DA2ABA}.Debug|Any CPU.ActiveCfg = Debug|Any CPU
		{929567F2-0743-4F06-991C-42A499DA2ABA}.Debug|Any CPU.Build.0 = Debug|Any CPU
		{929567F2-0743-4F06-991C-42A499DA2ABA}.Debug|Any CPU.Deploy.0 = Debug|Any CPU
		{929567F2-0743-4F06-991C-42A499DA2ABA}.Debug|ARM.ActiveCfg = Debug|ARM
		{929567F2-0743-4F06-991C-42A499DA2ABA}.Debug|ARM.Build.0 = Debug|ARM
		{929567F2-0743-4F06-991C-42A499DA2ABA}.Debug|ARM.Deploy.0 = Debug|ARM
		{929567F2-0743-4F06-991C-42A499DA2ABA}.Debug|iPhone.ActiveCfg = Debug|Any CPU
		{929567F2-0743-4F06-991C-42A499DA2ABA}.Debug|iPhone.Build.0 = Debug|Any CPU
		{929567F2-0743-4F06-991C-42A499DA2ABA}.Debug|iPhone.Deploy.0 = Debug|Any CPU
		{929567F2-0743-4F06-991C-42A499DA2ABA}.Debug|iPhoneSimulator.ActiveCfg = Debug|Any CPU
		{929567F2-0743-4F06-991C-42A499DA2ABA}.Debug|iPhoneSimulator.Build.0 = Debug|Any CPU
		{929567F2-0743-4F06-991C-42A499DA2ABA}.Debug|iPhoneSimulator.Deploy.0 = Debug|Any CPU
		{929567F2-0743-4F06-991C-42A499DA2ABA}.Debug|x64.ActiveCfg = Debug|Any CPU
		{929567F2-0743-4F06-991C-42A499DA2ABA}.Debug|x64.Build.0 = Debug|Any CPU
		{929567F2-0743-4F06-991C-42A499DA2ABA}.Debug|x64.Deploy.0 = Debug|Any CPU
		{929567F2-0743-4F06-991C-42A499DA2ABA}.Debug|x86.ActiveCfg = Debug|x86
		{929567F2-0743-4F06-991C-42A499DA2ABA}.Debug|x86.Build.0 = Debug|x86
		{929567F2-0743-4F06-991C-42A499DA2ABA}.Debug|x86.Deploy.0 = Debug|x86
		{929567F2-0743-4F06-991C-42A499DA2ABA}.Release|Any CPU.ActiveCfg = Release|Any CPU
		{929567F2-0743-4F06-991C-42A499DA2ABA}.Release|Any CPU.Build.0 = Release|Any CPU
		{929567F2-0743-4F06-991C-42A499DA2ABA}.Release|Any CPU.Deploy.0 = Release|Any CPU
		{929567F2-0743-4F06-991C-42A499DA2ABA}.Release|ARM.ActiveCfg = Release|ARM
		{929567F2-0743-4F06-991C-42A499DA2ABA}.Release|ARM.Build.0 = Release|ARM
		{929567F2-0743-4F06-991C-42A499DA2ABA}.Release|ARM.Deploy.0 = Release|ARM
		{929567F2-0743-4F06-991C-42A499DA2ABA}.Release|iPhone.ActiveCfg = Release|Any CPU
		{929567F2-0743-4F06-991C-42A499DA2ABA}.Release|iPhone.Build.0 = Release|Any CPU
		{929567F2-0743-4F06-991C-42A499DA2ABA}.Release|iPhone.Deploy.0 = Release|Any CPU
		{929567F2-0743-4F06-991C-42A499DA2ABA}.Release|iPhoneSimulator.ActiveCfg = Release|Any CPU
		{929567F2-0743-4F06-991C-42A499DA2ABA}.Release|iPhoneSimulator.Build.0 = Release|Any CPU
		{929567F2-0743-4F06-991C-42A499DA2ABA}.Release|iPhoneSimulator.Deploy.0 = Release|Any CPU
		{929567F2-0743-4F06-991C-42A499DA2ABA}.Release|x64.ActiveCfg = Release|Any CPU
		{929567F2-0743-4F06-991C-42A499DA2ABA}.Release|x64.Build.0 = Release|Any CPU
		{929567F2-0743-4F06-991C-42A499DA2ABA}.Release|x64.Deploy.0 = Release|Any CPU
		{929567F2-0743-4F06-991C-42A499DA2ABA}.Release|x86.ActiveCfg = Release|x86
		{929567F2-0743-4F06-991C-42A499DA2ABA}.Release|x86.Build.0 = Release|x86
		{929567F2-0743-4F06-991C-42A499DA2ABA}.Release|x86.Deploy.0 = Release|x86
		{768171AD-DDCE-4037-9E3C-83315FA1BE6C}.Ad-Hoc|Any CPU.ActiveCfg = Release|Any CPU
		{768171AD-DDCE-4037-9E3C-83315FA1BE6C}.Ad-Hoc|Any CPU.Build.0 = Release|Any CPU
		{768171AD-DDCE-4037-9E3C-83315FA1BE6C}.Ad-Hoc|Any CPU.Deploy.0 = Release|Any CPU
		{768171AD-DDCE-4037-9E3C-83315FA1BE6C}.Ad-Hoc|ARM.ActiveCfg = Release|ARM
		{768171AD-DDCE-4037-9E3C-83315FA1BE6C}.Ad-Hoc|ARM.Build.0 = Release|ARM
		{768171AD-DDCE-4037-9E3C-83315FA1BE6C}.Ad-Hoc|ARM.Deploy.0 = Release|ARM
		{768171AD-DDCE-4037-9E3C-83315FA1BE6C}.Ad-Hoc|iPhone.ActiveCfg = Release|Any CPU
		{768171AD-DDCE-4037-9E3C-83315FA1BE6C}.Ad-Hoc|iPhone.Build.0 = Release|Any CPU
		{768171AD-DDCE-4037-9E3C-83315FA1BE6C}.Ad-Hoc|iPhone.Deploy.0 = Release|Any CPU
		{768171AD-DDCE-4037-9E3C-83315FA1BE6C}.Ad-Hoc|iPhoneSimulator.ActiveCfg = Release|Any CPU
		{768171AD-DDCE-4037-9E3C-83315FA1BE6C}.Ad-Hoc|iPhoneSimulator.Build.0 = Release|Any CPU
		{768171AD-DDCE-4037-9E3C-83315FA1BE6C}.Ad-Hoc|iPhoneSimulator.Deploy.0 = Release|Any CPU
		{768171AD-DDCE-4037-9E3C-83315FA1BE6C}.Ad-Hoc|x64.ActiveCfg = Release|x64
		{768171AD-DDCE-4037-9E3C-83315FA1BE6C}.Ad-Hoc|x64.Build.0 = Release|x64
		{768171AD-DDCE-4037-9E3C-83315FA1BE6C}.Ad-Hoc|x64.Deploy.0 = Release|x64
		{768171AD-DDCE-4037-9E3C-83315FA1BE6C}.Ad-Hoc|x86.ActiveCfg = Release|x86
		{768171AD-DDCE-4037-9E3C-83315FA1BE6C}.Ad-Hoc|x86.Build.0 = Release|x86
		{768171AD-DDCE-4037-9E3C-83315FA1BE6C}.Ad-Hoc|x86.Deploy.0 = Release|x86
		{768171AD-DDCE-4037-9E3C-83315FA1BE6C}.AppStore|Any CPU.ActiveCfg = Release|Any CPU
		{768171AD-DDCE-4037-9E3C-83315FA1BE6C}.AppStore|Any CPU.Build.0 = Release|Any CPU
		{768171AD-DDCE-4037-9E3C-83315FA1BE6C}.AppStore|Any CPU.Deploy.0 = Release|Any CPU
		{768171AD-DDCE-4037-9E3C-83315FA1BE6C}.AppStore|ARM.ActiveCfg = Release|ARM
		{768171AD-DDCE-4037-9E3C-83315FA1BE6C}.AppStore|ARM.Build.0 = Release|ARM
		{768171AD-DDCE-4037-9E3C-83315FA1BE6C}.AppStore|ARM.Deploy.0 = Release|ARM
		{768171AD-DDCE-4037-9E3C-83315FA1BE6C}.AppStore|iPhone.ActiveCfg = Release|Any CPU
		{768171AD-DDCE-4037-9E3C-83315FA1BE6C}.AppStore|iPhone.Build.0 = Release|Any CPU
		{768171AD-DDCE-4037-9E3C-83315FA1BE6C}.AppStore|iPhone.Deploy.0 = Release|Any CPU
		{768171AD-DDCE-4037-9E3C-83315FA1BE6C}.AppStore|iPhoneSimulator.ActiveCfg = Release|Any CPU
		{768171AD-DDCE-4037-9E3C-83315FA1BE6C}.AppStore|iPhoneSimulator.Build.0 = Release|Any CPU
		{768171AD-DDCE-4037-9E3C-83315FA1BE6C}.AppStore|iPhoneSimulator.Deploy.0 = Release|Any CPU
		{768171AD-DDCE-4037-9E3C-83315FA1BE6C}.AppStore|x64.ActiveCfg = Release|x64
		{768171AD-DDCE-4037-9E3C-83315FA1BE6C}.AppStore|x64.Build.0 = Release|x64
		{768171AD-DDCE-4037-9E3C-83315FA1BE6C}.AppStore|x64.Deploy.0 = Release|x64
		{768171AD-DDCE-4037-9E3C-83315FA1BE6C}.AppStore|x86.ActiveCfg = Release|x86
		{768171AD-DDCE-4037-9E3C-83315FA1BE6C}.AppStore|x86.Build.0 = Release|x86
		{768171AD-DDCE-4037-9E3C-83315FA1BE6C}.AppStore|x86.Deploy.0 = Release|x86
		{768171AD-DDCE-4037-9E3C-83315FA1BE6C}.Debug|Any CPU.ActiveCfg = Debug|Any CPU
		{768171AD-DDCE-4037-9E3C-83315FA1BE6C}.Debug|Any CPU.Build.0 = Debug|Any CPU
		{768171AD-DDCE-4037-9E3C-83315FA1BE6C}.Debug|Any CPU.Deploy.0 = Debug|Any CPU
		{768171AD-DDCE-4037-9E3C-83315FA1BE6C}.Debug|ARM.ActiveCfg = Debug|ARM
		{768171AD-DDCE-4037-9E3C-83315FA1BE6C}.Debug|ARM.Build.0 = Debug|ARM
		{768171AD-DDCE-4037-9E3C-83315FA1BE6C}.Debug|ARM.Deploy.0 = Debug|ARM
		{768171AD-DDCE-4037-9E3C-83315FA1BE6C}.Debug|iPhone.ActiveCfg = Debug|Any CPU
		{768171AD-DDCE-4037-9E3C-83315FA1BE6C}.Debug|iPhone.Build.0 = Debug|Any CPU
		{768171AD-DDCE-4037-9E3C-83315FA1BE6C}.Debug|iPhone.Deploy.0 = Debug|Any CPU
		{768171AD-DDCE-4037-9E3C-83315FA1BE6C}.Debug|iPhoneSimulator.ActiveCfg = Debug|Any CPU
		{768171AD-DDCE-4037-9E3C-83315FA1BE6C}.Debug|iPhoneSimulator.Build.0 = Debug|Any CPU
		{768171AD-DDCE-4037-9E3C-83315FA1BE6C}.Debug|iPhoneSimulator.Deploy.0 = Debug|Any CPU
		{768171AD-DDCE-4037-9E3C-83315FA1BE6C}.Debug|x64.ActiveCfg = Debug|x64
		{768171AD-DDCE-4037-9E3C-83315FA1BE6C}.Debug|x64.Build.0 = Debug|x64
		{768171AD-DDCE-4037-9E3C-83315FA1BE6C}.Debug|x64.Deploy.0 = Debug|x64
		{768171AD-DDCE-4037-9E3C-83315FA1BE6C}.Debug|x86.ActiveCfg = Debug|x86
		{768171AD-DDCE-4037-9E3C-83315FA1BE6C}.Debug|x86.Build.0 = Debug|x86
		{768171AD-DDCE-4037-9E3C-83315FA1BE6C}.Debug|x86.Deploy.0 = Debug|x86
		{768171AD-DDCE-4037-9E3C-83315FA1BE6C}.Release|Any CPU.ActiveCfg = Release|Any CPU
		{768171AD-DDCE-4037-9E3C-83315FA1BE6C}.Release|Any CPU.Build.0 = Release|Any CPU
		{768171AD-DDCE-4037-9E3C-83315FA1BE6C}.Release|Any CPU.Deploy.0 = Release|Any CPU
		{768171AD-DDCE-4037-9E3C-83315FA1BE6C}.Release|ARM.ActiveCfg = Release|ARM
		{768171AD-DDCE-4037-9E3C-83315FA1BE6C}.Release|ARM.Build.0 = Release|ARM
		{768171AD-DDCE-4037-9E3C-83315FA1BE6C}.Release|ARM.Deploy.0 = Release|ARM
		{768171AD-DDCE-4037-9E3C-83315FA1BE6C}.Release|iPhone.ActiveCfg = Release|Any CPU
		{768171AD-DDCE-4037-9E3C-83315FA1BE6C}.Release|iPhone.Build.0 = Release|Any CPU
		{768171AD-DDCE-4037-9E3C-83315FA1BE6C}.Release|iPhone.Deploy.0 = Release|Any CPU
		{768171AD-DDCE-4037-9E3C-83315FA1BE6C}.Release|iPhoneSimulator.ActiveCfg = Release|Any CPU
		{768171AD-DDCE-4037-9E3C-83315FA1BE6C}.Release|iPhoneSimulator.Build.0 = Release|Any CPU
		{768171AD-DDCE-4037-9E3C-83315FA1BE6C}.Release|iPhoneSimulator.Deploy.0 = Release|Any CPU
		{768171AD-DDCE-4037-9E3C-83315FA1BE6C}.Release|x64.ActiveCfg = Release|x64
		{768171AD-DDCE-4037-9E3C-83315FA1BE6C}.Release|x64.Build.0 = Release|x64
		{768171AD-DDCE-4037-9E3C-83315FA1BE6C}.Release|x64.Deploy.0 = Release|x64
		{768171AD-DDCE-4037-9E3C-83315FA1BE6C}.Release|x86.ActiveCfg = Release|x86
		{768171AD-DDCE-4037-9E3C-83315FA1BE6C}.Release|x86.Build.0 = Release|x86
		{768171AD-DDCE-4037-9E3C-83315FA1BE6C}.Release|x86.Deploy.0 = Release|x86
	EndGlobalSection
	GlobalSection(SolutionProperties) = preSolution
		HideSolutionNode = FALSE
	EndGlobalSection
EndGlobal
